{
  "version": 4,
  "terraform_version": "1.7.3",
  "serial": 8,
  "lineage": "b986cfce-6605-5872-315f-d2ea42c14e8f",
  "outputs": {},
  "resources": [
    {
      "mode": "managed",
      "type": "kubectl_manifest",
      "name": "nodejs_deployment",
      "provider": "provider[\"registry.terraform.io/gavinbunney/kubectl\"]",
      "instances": [
        {
          "schema_version": 1,
          "attributes": {
            "api_version": "apps/v1",
            "apply_only": false,
            "force_conflicts": false,
            "force_new": false,
            "id": "/apis/apps/v1/namespaces/expressapp/deployments/nodejs-app",
            "ignore_fields": null,
            "kind": "Deployment",
            "live_manifest_incluster": "68c7ad5c49a942d9766a7eebc13b70037cafeb1516dd74020b5ee97c691315cd",
            "live_uid": "745c05dc-b495-4375-9c8b-11e9adc3b94a",
            "name": "nodejs-app",
            "namespace": "expressapp",
            "override_namespace": null,
            "sensitive_fields": null,
            "server_side_apply": false,
            "timeouts": null,
            "uid": "745c05dc-b495-4375-9c8b-11e9adc3b94a",
            "validate_schema": true,
            "wait": null,
            "wait_for_rollout": true,
            "yaml_body": "apiVersion: apps/v1\nkind: Deployment\nmetadata:\n  name: nodejs-app\n  namespace: expressapp\n  labels:\n    app: nodejs\nspec:\n  replicas: 1\n  selector:\n    matchLabels:\n      app: nodejs\n  template:\n    metadata:\n      labels:\n        app: nodejs\n    spec:\n      containers:\n      - name: nodejs-container\n        image: chimenco/express-app:v1\n        ports:\n        - containerPort: 3000\n---\napiVersion: v1\nkind: Service\nmetadata:\n  name: nodejs-service\n  namespace: expressapp\nspec:\n  selector:\n    app: nodejs\n  ports:\n    - protocol: TCP\n      port: 80\n      targetPort: 3000\n  type: LoadBalancer\n",
            "yaml_body_parsed": "apiVersion: apps/v1\nkind: Deployment\nmetadata:\n  labels:\n    app: nodejs\n  name: nodejs-app\n  namespace: expressapp\nspec:\n  replicas: 1\n  selector:\n    matchLabels:\n      app: nodejs\n  template:\n    metadata:\n      labels:\n        app: nodejs\n    spec:\n      containers:\n      - image: chimenco/express-app:v1\n        name: nodejs-container\n        ports:\n        - containerPort: 3000\n",
            "yaml_incluster": "68c7ad5c49a942d9766a7eebc13b70037cafeb1516dd74020b5ee97c691315cd"
          },
          "sensitive_attributes": [],
          "private": "eyJlMmJmYjczMC1lY2FhLTExZTYtOGY4OC0zNDM2M2JjN2M0YzAiOnsiY3JlYXRlIjo2MDAwMDAwMDAwMDB9LCJzY2hlbWFfdmVyc2lvbiI6IjEifQ=="
        }
      ]
    }
  ],
  "check_results": null
}
